# This file is automatically @generated by Poetry 1.8.2 and should not be changed by hand.

[[package]]
name = "simple-chalk"
version = "0.1.0"
description = "A terminal string styling library"
optional = false
python-versions = ">=3.6"
files = [
    {file = "simple_chalk-0.1.0.tar.gz", hash = "sha256:d80f55993dfa040c1b55d2fbfb925e4fbb5798c2934601aa448ef4a192d84196"},
]

[metadata]
lock-version = "2.0"
python-versions = "^3.8"
content-hash = "7d8438ace62154a5bb1967066a88836b93f4c9a1fe894f5bb8879226b85d8675"
